
Microsoft Visual Studio Solution File, Format Version 12.00
# Visual Studio Version 17
VisualStudioVersion = 17.7.34031.279
MinimumVisualStudioVersion = 10.0.40219.1
Project("{FAE04EC0-301F-11D3-BF4B-00C04F79EFBC}") = "Screen-Sound-04", "Screen-Sound-04\Screen-Sound-04.csproj", "{0995CCA5-A8AC-4234-8457-84C75D24C885}"
EndProject
Global
	GlobalSection(SolutionConfigurationPlatforms) = preSolution
		Debug|Any CPU = Debug|Any CPU
		Release|Any CPU = Release|Any CPU
	EndGlobalSection
	GlobalSection(ProjectConfigurationPlatforms) = postSolution
		{0995CCA5-A8AC-4234-8457-84C75D24C885}.Debug|Any CPU.ActiveCfg = Debug|Any CPU
		{0995CCA5-A8AC-4234-8457-84C75D24C885}.Debug|Any CPU.Build.0 = Debug|Any CPU
		{0995CCA5-A8AC-4234-8457-84C75D24C885}.Release|Any CPU.ActiveCfg = Release|Any CPU
		{0995CCA5-A8AC-4234-8457-84C75D24C885}.Release|Any CPU.Build.0 = Release|Any CPU
	EndGlobalSection
	GlobalSection(SolutionProperties) = preSolution
		HideSolutionNode = FALSE
	EndGlobalSection
	GlobalSection(ExtensibilityGlobals) = postSolution
		SolutionGuid = {FEC47E04-57DD-4A74-A90C-C6696813499C}
	EndGlobalSection
EndGlobal
